
Microsoft Visual Studio Solution File, Format Version 12.00
# Visual Studio Version 16
VisualStudioVersion = 16.0.31112.23
MinimumVisualStudioVersion = 10.0.40219.1
Project("{FAE04EC0-301F-11D3-BF4B-00C04F79EFBC}") = "CrudPractic", "CrudPractic\CrudPractic.csproj", "{410AE91D-FE4B-4247-ADC9-78976ED087E2}"
EndProject
Global
	GlobalSection(SolutionConfigurationPlatforms) = preSolution
		Debug|Any CPU = Debug|Any CPU
		Release|Any CPU = Release|Any CPU
	EndGlobalSection
	GlobalSection(ProjectConfigurationPlatforms) = postSolution
		{410AE91D-FE4B-4247-ADC9-78976ED087E2}.Debug|Any CPU.ActiveCfg = Debug|Any CPU
		{410AE91D-FE4B-4247-ADC9-78976ED087E2}.Debug|Any CPU.Build.0 = Debug|Any CPU
		{410AE91D-FE4B-4247-ADC9-78976ED087E2}.Release|Any CPU.ActiveCfg = Release|Any CPU
		{410AE91D-FE4B-4247-ADC9-78976ED087E2}.Release|Any CPU.Build.0 = Release|Any CPU
	EndGlobalSection
	GlobalSection(SolutionProperties) = preSolution
		HideSolutionNode = FALSE
	EndGlobalSection
	GlobalSection(ExtensibilityGlobals) = postSolution
		SolutionGuid = {B28CC8B7-8CFA-4D05-9F6D-EF8B90701DAA}
	EndGlobalSection
EndGlobal
